
Microsoft Visual Studio Solution File, Format Version 12.00
# Visual Studio 15
VisualStudioVersion = 15.0.28307.572
MinimumVisualStudioVersion = 10.0.40219.1
Project("{FAE04EC0-301F-11D3-BF4B-00C04F79EFBC}") = "View", "View\View.csproj", "{2DBD4BAB-F5C0-4A2A-87FA-5EEDFAEFBD56}"
EndProject
Project("{FAE04EC0-301F-11D3-BF4B-00C04F79EFBC}") = "BLL", "BLL\BLL.csproj", "{16255E00-178B-4209-B46D-1A952DD4004F}"
EndProject
Project("{FAE04EC0-301F-11D3-BF4B-00C04F79EFBC}") = "ADL", "ADL\ADL.csproj", "{FB49CBE3-4FBF-428C-9464-BD1AA2ED054D}"
EndProject
Global
	GlobalSection(SolutionConfigurationPlatforms) = preSolution
		Debug|Any CPU = Debug|Any CPU
		Release|Any CPU = Release|Any CPU
	EndGlobalSection
	GlobalSection(ProjectConfigurationPlatforms) = postSolution
		{2DBD4BAB-F5C0-4A2A-87FA-5EEDFAEFBD56}.Debug|Any CPU.ActiveCfg = Debug|Any CPU
		{2DBD4BAB-F5C0-4A2A-87FA-5EEDFAEFBD56}.Debug|Any CPU.Build.0 = Debug|Any CPU
		{2DBD4BAB-F5C0-4A2A-87FA-5EEDFAEFBD56}.Release|Any CPU.ActiveCfg = Release|Any CPU
		{2DBD4BAB-F5C0-4A2A-87FA-5EEDFAEFBD56}.Release|Any CPU.Build.0 = Release|Any CPU
		{16255E00-178B-4209-B46D-1A952DD4004F}.Debug|Any CPU.ActiveCfg = Debug|Any CPU
		{16255E00-178B-4209-B46D-1A952DD4004F}.Debug|Any CPU.Build.0 = Debug|Any CPU
		{16255E00-178B-4209-B46D-1A952DD4004F}.Release|Any CPU.ActiveCfg = Release|Any CPU
		{16255E00-178B-4209-B46D-1A952DD4004F}.Release|Any CPU.Build.0 = Release|Any CPU
		{FB49CBE3-4FBF-428C-9464-BD1AA2ED054D}.Debug|Any CPU.ActiveCfg = Debug|Any CPU
		{FB49CBE3-4FBF-428C-9464-BD1AA2ED054D}.Debug|Any CPU.Build.0 = Debug|Any CPU
		{FB49CBE3-4FBF-428C-9464-BD1AA2ED054D}.Release|Any CPU.ActiveCfg = Release|Any CPU
		{FB49CBE3-4FBF-428C-9464-BD1AA2ED054D}.Release|Any CPU.Build.0 = Release|Any CPU
	EndGlobalSection
	GlobalSection(SolutionProperties) = preSolution
		HideSolutionNode = FALSE
	EndGlobalSection
	GlobalSection(ExtensibilityGlobals) = postSolution
		SolutionGuid = {C28D4C3D-CA3E-4F89-A495-1DAB9B17CE33}
	EndGlobalSection
EndGlobal
